
Microsoft Visual Studio Solution File, Format Version 12.00
# Visual Studio Version 16
VisualStudioVersion = 16.0.31424.327
MinimumVisualStudioVersion = 10.0.40219.1
Project("{FAE04EC0-301F-11D3-BF4B-00C04F79EFBC}") = "CommandProcessorExample", "CommandProcessorExample\CommandProcessorExample.csproj", "{95460A42-9EC7-47DB-BEA9-ACAB272AF46C}"
EndProject
Project("{FAE04EC0-301F-11D3-BF4B-00C04F79EFBC}") = "WrapperExample.TpsService", "WrapperExample.TpsService\WrapperExample.TpsService.csproj", "{049B5E58-4E2B-44B4-AFA6-1788D15F4832}"
EndProject
Project("{FAE04EC0-301F-11D3-BF4B-00C04F79EFBC}") = "WrapperExample.Esapi", "WrapperExample.Esapi\WrapperExample.Esapi.csproj", "{22AD5CEE-EC90-4775-8990-FEB1E33D9717}"
EndProject
Project("{FAE04EC0-301F-11D3-BF4B-00C04F79EFBC}") = "WrapperExample.TestData", "WrapperExample.TestData\WrapperExample.TestData.csproj", "{39CDD734-038F-453B-B71F-3C02943AE8A7}"
EndProject
Project("{FAE04EC0-301F-11D3-BF4B-00C04F79EFBC}") = "WrapperExample.Script", "WrapperExample.Script\WrapperExample.Script.csproj", "{A30C3627-87F2-49B7-BCA8-8747FEABBAB9}"
EndProject
Project("{FAE04EC0-301F-11D3-BF4B-00C04F79EFBC}") = "WrapperExample.EsapiStart", "WrapperExample.EsapiStart\WrapperExample.EsapiStart.csproj", "{4A45E923-6892-45C7-9D19-A906EF5F6CE7}"
EndProject
Project("{FAE04EC0-301F-11D3-BF4B-00C04F79EFBC}") = "WrapperExample.TestStart", "WrapperExample.TestStart\WrapperExample.TestStart.csproj", "{4A8B6E9E-1FEF-4329-B3C3-47767A34F8A8}"
EndProject
Project("{2150E333-8FDC-42A3-9474-1A3956D46DE8}") = "WrapperExample", "WrapperExample", "{C68F8518-92BE-4A50-B9EE-5AEE9FE5D19D}"
EndProject
Global
	GlobalSection(SolutionConfigurationPlatforms) = preSolution
		Debug-13.6|Any CPU = Debug-13.6|Any CPU
		Debug-13.6|x64 = Debug-13.6|x64
		Debug-15.5|Any CPU = Debug-15.5|Any CPU
		Debug-15.5|x64 = Debug-15.5|x64
	EndGlobalSection
	GlobalSection(ProjectConfigurationPlatforms) = postSolution
		{95460A42-9EC7-47DB-BEA9-ACAB272AF46C}.Debug-13.6|Any CPU.ActiveCfg = Debug|Any CPU
		{95460A42-9EC7-47DB-BEA9-ACAB272AF46C}.Debug-13.6|Any CPU.Build.0 = Debug|Any CPU
		{95460A42-9EC7-47DB-BEA9-ACAB272AF46C}.Debug-13.6|x64.ActiveCfg = Debug|Any CPU
		{95460A42-9EC7-47DB-BEA9-ACAB272AF46C}.Debug-13.6|x64.Build.0 = Debug|Any CPU
		{95460A42-9EC7-47DB-BEA9-ACAB272AF46C}.Debug-15.5|Any CPU.ActiveCfg = Debug|Any CPU
		{95460A42-9EC7-47DB-BEA9-ACAB272AF46C}.Debug-15.5|Any CPU.Build.0 = Debug|Any CPU
		{95460A42-9EC7-47DB-BEA9-ACAB272AF46C}.Debug-15.5|x64.ActiveCfg = Debug|Any CPU
		{95460A42-9EC7-47DB-BEA9-ACAB272AF46C}.Debug-15.5|x64.Build.0 = Debug|Any CPU
		{049B5E58-4E2B-44B4-AFA6-1788D15F4832}.Debug-13.6|Any CPU.ActiveCfg = Debug|Any CPU
		{049B5E58-4E2B-44B4-AFA6-1788D15F4832}.Debug-13.6|Any CPU.Build.0 = Debug|Any CPU
		{049B5E58-4E2B-44B4-AFA6-1788D15F4832}.Debug-13.6|x64.ActiveCfg = Debug|Any CPU
		{049B5E58-4E2B-44B4-AFA6-1788D15F4832}.Debug-13.6|x64.Build.0 = Debug|Any CPU
		{049B5E58-4E2B-44B4-AFA6-1788D15F4832}.Debug-15.5|Any CPU.ActiveCfg = Debug|Any CPU
		{049B5E58-4E2B-44B4-AFA6-1788D15F4832}.Debug-15.5|Any CPU.Build.0 = Debug|Any CPU
		{049B5E58-4E2B-44B4-AFA6-1788D15F4832}.Debug-15.5|x64.ActiveCfg = Debug|Any CPU
		{049B5E58-4E2B-44B4-AFA6-1788D15F4832}.Debug-15.5|x64.Build.0 = Debug|Any CPU
		{22AD5CEE-EC90-4775-8990-FEB1E33D9717}.Debug-13.6|Any CPU.ActiveCfg = Debug-13.6|x64
		{22AD5CEE-EC90-4775-8990-FEB1E33D9717}.Debug-13.6|Any CPU.Build.0 = Debug-13.6|x64
		{22AD5CEE-EC90-4775-8990-FEB1E33D9717}.Debug-13.6|x64.ActiveCfg = Debug-15.5|x64
		{22AD5CEE-EC90-4775-8990-FEB1E33D9717}.Debug-13.6|x64.Build.0 = Debug-15.5|x64
		{22AD5CEE-EC90-4775-8990-FEB1E33D9717}.Debug-15.5|Any CPU.ActiveCfg = Debug-15.5|x64
		{22AD5CEE-EC90-4775-8990-FEB1E33D9717}.Debug-15.5|Any CPU.Build.0 = Debug-15.5|x64
		{22AD5CEE-EC90-4775-8990-FEB1E33D9717}.Debug-15.5|x64.ActiveCfg = Debug-15.5|x64
		{22AD5CEE-EC90-4775-8990-FEB1E33D9717}.Debug-15.5|x64.Build.0 = Debug-15.5|x64
		{39CDD734-038F-453B-B71F-3C02943AE8A7}.Debug-13.6|Any CPU.ActiveCfg = Debug|Any CPU
		{39CDD734-038F-453B-B71F-3C02943AE8A7}.Debug-13.6|Any CPU.Build.0 = Debug|Any CPU
		{39CDD734-038F-453B-B71F-3C02943AE8A7}.Debug-13.6|x64.ActiveCfg = Debug|Any CPU
		{39CDD734-038F-453B-B71F-3C02943AE8A7}.Debug-13.6|x64.Build.0 = Debug|Any CPU
		{39CDD734-038F-453B-B71F-3C02943AE8A7}.Debug-15.5|Any CPU.ActiveCfg = Debug|Any CPU
		{39CDD734-038F-453B-B71F-3C02943AE8A7}.Debug-15.5|Any CPU.Build.0 = Debug|Any CPU
		{39CDD734-038F-453B-B71F-3C02943AE8A7}.Debug-15.5|x64.ActiveCfg = Debug|Any CPU
		{39CDD734-038F-453B-B71F-3C02943AE8A7}.Debug-15.5|x64.Build.0 = Debug|Any CPU
		{A30C3627-87F2-49B7-BCA8-8747FEABBAB9}.Debug-13.6|Any CPU.ActiveCfg = Debug|Any CPU
		{A30C3627-87F2-49B7-BCA8-8747FEABBAB9}.Debug-13.6|Any CPU.Build.0 = Debug|Any CPU
		{A30C3627-87F2-49B7-BCA8-8747FEABBAB9}.Debug-13.6|x64.ActiveCfg = Debug|Any CPU
		{A30C3627-87F2-49B7-BCA8-8747FEABBAB9}.Debug-13.6|x64.Build.0 = Debug|Any CPU
		{A30C3627-87F2-49B7-BCA8-8747FEABBAB9}.Debug-15.5|Any CPU.ActiveCfg = Debug|Any CPU
		{A30C3627-87F2-49B7-BCA8-8747FEABBAB9}.Debug-15.5|Any CPU.Build.0 = Debug|Any CPU
		{A30C3627-87F2-49B7-BCA8-8747FEABBAB9}.Debug-15.5|x64.ActiveCfg = Debug|Any CPU
		{A30C3627-87F2-49B7-BCA8-8747FEABBAB9}.Debug-15.5|x64.Build.0 = Debug|Any CPU
		{4A45E923-6892-45C7-9D19-A906EF5F6CE7}.Debug-13.6|Any CPU.ActiveCfg = Debug-13.6|x64
		{4A45E923-6892-45C7-9D19-A906EF5F6CE7}.Debug-13.6|Any CPU.Build.0 = Debug-13.6|x64
		{4A45E923-6892-45C7-9D19-A906EF5F6CE7}.Debug-13.6|x64.ActiveCfg = Debug-13.6|x64
		{4A45E923-6892-45C7-9D19-A906EF5F6CE7}.Debug-13.6|x64.Build.0 = Debug-13.6|x64
		{4A45E923-6892-45C7-9D19-A906EF5F6CE7}.Debug-15.5|Any CPU.ActiveCfg = Debug-15.5|x64
		{4A45E923-6892-45C7-9D19-A906EF5F6CE7}.Debug-15.5|Any CPU.Build.0 = Debug-15.5|x64
		{4A45E923-6892-45C7-9D19-A906EF5F6CE7}.Debug-15.5|x64.ActiveCfg = Debug-13.6|x64
		{4A45E923-6892-45C7-9D19-A906EF5F6CE7}.Debug-15.5|x64.Build.0 = Debug-13.6|x64
		{4A8B6E9E-1FEF-4329-B3C3-47767A34F8A8}.Debug-13.6|Any CPU.ActiveCfg = Debug|Any CPU
		{4A8B6E9E-1FEF-4329-B3C3-47767A34F8A8}.Debug-13.6|Any CPU.Build.0 = Debug|Any CPU
		{4A8B6E9E-1FEF-4329-B3C3-47767A34F8A8}.Debug-13.6|x64.ActiveCfg = Debug|Any CPU
		{4A8B6E9E-1FEF-4329-B3C3-47767A34F8A8}.Debug-13.6|x64.Build.0 = Debug|Any CPU
		{4A8B6E9E-1FEF-4329-B3C3-47767A34F8A8}.Debug-15.5|Any CPU.ActiveCfg = Debug|Any CPU
		{4A8B6E9E-1FEF-4329-B3C3-47767A34F8A8}.Debug-15.5|Any CPU.Build.0 = Debug|Any CPU
		{4A8B6E9E-1FEF-4329-B3C3-47767A34F8A8}.Debug-15.5|x64.ActiveCfg = Debug|Any CPU
		{4A8B6E9E-1FEF-4329-B3C3-47767A34F8A8}.Debug-15.5|x64.Build.0 = Debug|Any CPU
	EndGlobalSection
	GlobalSection(SolutionProperties) = preSolution
		HideSolutionNode = FALSE
	EndGlobalSection
	GlobalSection(NestedProjects) = preSolution
		{049B5E58-4E2B-44B4-AFA6-1788D15F4832} = {C68F8518-92BE-4A50-B9EE-5AEE9FE5D19D}
		{22AD5CEE-EC90-4775-8990-FEB1E33D9717} = {C68F8518-92BE-4A50-B9EE-5AEE9FE5D19D}
		{39CDD734-038F-453B-B71F-3C02943AE8A7} = {C68F8518-92BE-4A50-B9EE-5AEE9FE5D19D}
		{A30C3627-87F2-49B7-BCA8-8747FEABBAB9} = {C68F8518-92BE-4A50-B9EE-5AEE9FE5D19D}
		{4A45E923-6892-45C7-9D19-A906EF5F6CE7} = {C68F8518-92BE-4A50-B9EE-5AEE9FE5D19D}
		{4A8B6E9E-1FEF-4329-B3C3-47767A34F8A8} = {C68F8518-92BE-4A50-B9EE-5AEE9FE5D19D}
	EndGlobalSection
	GlobalSection(ExtensibilityGlobals) = postSolution
		SolutionGuid = {C9811499-2251-4924-8F1C-509F78178CFE}
	EndGlobalSection
EndGlobal
